
Microsoft Visual Studio Solution File, Format Version 12.00
# Visual Studio Version 17
VisualStudioVersion = 17.13.35825.156 d17.13
MinimumVisualStudioVersion = 10.0.40219.1
Project("{FAE04EC0-301F-11D3-BF4B-00C04F79EFBC}") = "HelloWorld", "HelloWorld.csproj", "{802D2A3E-6A19-4962-A635-67356A732E88}"
EndProject
Global
	GlobalSection(SolutionConfigurationPlatforms) = preSolution
		Debug|Any CPU = Debug|Any CPU
		Release|Any CPU = Release|Any CPU
	EndGlobalSection
	GlobalSection(ProjectConfigurationPlatforms) = postSolution
		{802D2A3E-6A19-4962-A635-67356A732E88}.Debug|Any CPU.ActiveCfg = Debug|Any CPU
		{802D2A3E-6A19-4962-A635-67356A732E88}.Debug|Any CPU.Build.0 = Debug|Any CPU
		{802D2A3E-6A19-4962-A635-67356A732E88}.Release|Any CPU.ActiveCfg = Release|Any CPU
		{802D2A3E-6A19-4962-A635-67356A732E88}.Release|Any CPU.Build.0 = Release|Any CPU
	EndGlobalSection
	GlobalSection(SolutionProperties) = preSolution
		HideSolutionNode = FALSE
	EndGlobalSection
	GlobalSection(ExtensibilityGlobals) = postSolution
		SolutionGuid = {5CDE448F-F973-443B-91F7-0CC7FED4634F}
	EndGlobalSection
EndGlobal
